// !$*UTF8*$!
{
	archiveVersion = 1;
	classes = {
	};
	objectVersion = 56;
	objects = {

/* Begin PBXBuildFile section */
		3FA291942D070A5C00644F16 /* StorePage.storyboard in Resources */ = {isa = PBXBuildFile; fileRef = 3FA291932D070A5C00644F16 /* StorePage.storyboard */; };
		CCE2FF692D157B0F00A4698E /* Cart.storyboard in Resources */ = {isa = PBXBuildFile; fileRef = CCE2FF682D157B0F00A4698E /* Cart.storyboard */; };
		D492F7562D09AD5700D5AF44 /* HomeTableViewCell.swift in Sources */ = {isa = PBXBuildFile; fileRef = D492F7552D09AD5700D5AF44 /* HomeTableViewCell.swift */; };
		D492F7582D09B18100D5AF44 /* HomeViewController.swift in Sources */ = {isa = PBXBuildFile; fileRef = D492F7572D09B18100D5AF44 /* HomeViewController.swift */; };
		D4C8E4452D00799C00B254E2 /* AppDelegate.swift in Sources */ = {isa = PBXBuildFile; fileRef = D4C8E4442D00799C00B254E2 /* AppDelegate.swift */; };
		D4C8E4472D00799C00B254E2 /* SceneDelegate.swift in Sources */ = {isa = PBXBuildFile; fileRef = D4C8E4462D00799C00B254E2 /* SceneDelegate.swift */; };
		D4C8E4492D00799C00B254E2 /* ViewController.swift in Sources */ = {isa = PBXBuildFile; fileRef = D4C8E4482D00799C00B254E2 /* ViewController.swift */; };
		D4C8E44C2D00799C00B254E2 /* Main.storyboard in Resources */ = {isa = PBXBuildFile; fileRef = D4C8E44A2D00799C00B254E2 /* Main.storyboard */; };
		D4C8E44E2D00799E00B254E2 /* Assets.xcassets in Resources */ = {isa = PBXBuildFile; fileRef = D4C8E44D2D00799E00B254E2 /* Assets.xcassets */; };
		D4C8E4512D00799E00B254E2 /* LaunchScreen.storyboard in Resources */ = {isa = PBXBuildFile; fileRef = D4C8E44F2D00799E00B254E2 /* LaunchScreen.storyboard */; };
		D4C8E45C2D00799F00B254E2 /* LavenderTests.swift in Sources */ = {isa = PBXBuildFile; fileRef = D4C8E45B2D00799F00B254E2 /* LavenderTests.swift */; };
		D4C8E4662D00799F00B254E2 /* LavenderUITests.swift in Sources */ = {isa = PBXBuildFile; fileRef = D4C8E4652D00799F00B254E2 /* LavenderUITests.swift */; };
		D4C8E4682D00799F00B254E2 /* LavenderUITestsLaunchTests.swift in Sources */ = {isa = PBXBuildFile; fileRef = D4C8E4672D00799F00B254E2 /* LavenderUITestsLaunchTests.swift */; };
		E6A1A2202D1187D9000D8B47 /* Product.swift in Sources */ = {isa = PBXBuildFile; fileRef = E6A1A21F2D1187D9000D8B47 /* Product.swift */; };
		E6A1A2222D1187F4000D8B47 /* ProductPage.storyboard in Resources */ = {isa = PBXBuildFile; fileRef = E6A1A2212D1187F4000D8B47 /* ProductPage.storyboard */; };
		E6A1A2262D118807000D8B47 /* ProductTableView.swift in Sources */ = {isa = PBXBuildFile; fileRef = E6A1A2252D118807000D8B47 /* ProductTableView.swift */; };
/* End PBXBuildFile section */

/* Begin PBXContainerItemProxy section */
		D4C8E4582D00799F00B254E2 /* PBXContainerItemProxy */ = {
			isa = PBXContainerItemProxy;
			containerPortal = D4C8E4392D00799C00B254E2 /* Project object */;
			proxyType = 1;
			remoteGlobalIDString = D4C8E4402D00799C00B254E2;
			remoteInfo = Lavender;
		};
		D4C8E4622D00799F00B254E2 /* PBXContainerItemProxy */ = {
			isa = PBXContainerItemProxy;
			containerPortal = D4C8E4392D00799C00B254E2 /* Project object */;
			proxyType = 1;
			remoteGlobalIDString = D4C8E4402D00799C00B254E2;
			remoteInfo = Lavender;
		};
/* End PBXContainerItemProxy section */

/* Begin PBXFileReference section */
		3FA291932D070A5C00644F16 /* StorePage.storyboard */ = {isa = PBXFileReference; fileEncoding = 4; lastKnownFileType = file.storyboard; path = StorePage.storyboard; sourceTree = "<group>"; };
		CCE2FF682D157B0F00A4698E /* Cart.storyboard */ = {isa = PBXFileReference; lastKnownFileType = file.storyboard; path = Cart.storyboard; sourceTree = "<group>"; };
		D492F7552D09AD5700D5AF44 /* HomeTableViewCell.swift */ = {isa = PBXFileReference; lastKnownFileType = sourcecode.swift; path = HomeTableViewCell.swift; sourceTree = "<group>"; };
		D492F7572D09B18100D5AF44 /* HomeViewController.swift */ = {isa = PBXFileReference; lastKnownFileType = sourcecode.swift; path = HomeViewController.swift; sourceTree = "<group>"; };
		D4C8E4412D00799C00B254E2 /* Lavender.app */ = {isa = PBXFileReference; explicitFileType = wrapper.application; includeInIndex = 0; path = Lavender.app; sourceTree = BUILT_PRODUCTS_DIR; };
		D4C8E4442D00799C00B254E2 /* AppDelegate.swift */ = {isa = PBXFileReference; lastKnownFileType = sourcecode.swift; path = AppDelegate.swift; sourceTree = "<group>"; };
		D4C8E4462D00799C00B254E2 /* SceneDelegate.swift */ = {isa = PBXFileReference; lastKnownFileType = sourcecode.swift; path = SceneDelegate.swift; sourceTree = "<group>"; };
		D4C8E4482D00799C00B254E2 /* ViewController.swift */ = {isa = PBXFileReference; lastKnownFileType = sourcecode.swift; path = ViewController.swift; sourceTree = "<group>"; };
		D4C8E44B2D00799C00B254E2 /* Base */ = {isa = PBXFileReference; lastKnownFileType = file.storyboard; name = Base; path = Base.lproj/Main.storyboard; sourceTree = "<group>"; };
		D4C8E44D2D00799E00B254E2 /* Assets.xcassets */ = {isa = PBXFileReference; lastKnownFileType = folder.assetcatalog; path = Assets.xcassets; sourceTree = "<group>"; };
		D4C8E4502D00799E00B254E2 /* Base */ = {isa = PBXFileReference; lastKnownFileType = file.storyboard; name = Base; path = Base.lproj/LaunchScreen.storyboard; sourceTree = "<group>"; };
		D4C8E4522D00799E00B254E2 /* Info.plist */ = {isa = PBXFileReference; lastKnownFileType = text.plist.xml; path = Info.plist; sourceTree = "<group>"; };
		D4C8E4572D00799F00B254E2 /* LavenderTests.xctest */ = {isa = PBXFileReference; explicitFileType = wrapper.cfbundle; includeInIndex = 0; path = LavenderTests.xctest; sourceTree = BUILT_PRODUCTS_DIR; };
		D4C8E45B2D00799F00B254E2 /* LavenderTests.swift */ = {isa = PBXFileReference; lastKnownFileType = sourcecode.swift; path = LavenderTests.swift; sourceTree = "<group>"; };
		D4C8E4612D00799F00B254E2 /* LavenderUITests.xctest */ = {isa = PBXFileReference; explicitFileType = wrapper.cfbundle; includeInIndex = 0; path = LavenderUITests.xctest; sourceTree = BUILT_PRODUCTS_DIR; };
		D4C8E4652D00799F00B254E2 /* LavenderUITests.swift */ = {isa = PBXFileReference; lastKnownFileType = sourcecode.swift; path = LavenderUITests.swift; sourceTree = "<group>"; };
		D4C8E4672D00799F00B254E2 /* LavenderUITestsLaunchTests.swift */ = {isa = PBXFileReference; lastKnownFileType = sourcecode.swift; path = LavenderUITestsLaunchTests.swift; sourceTree = "<group>"; };
		E6A1A21F2D1187D9000D8B47 /* Product.swift */ = {isa = PBXFileReference; fileEncoding = 4; lastKnownFileType = sourcecode.swift; path = Product.swift; sourceTree = "<group>"; };
		E6A1A2212D1187F4000D8B47 /* ProductPage.storyboard */ = {isa = PBXFileReference; fileEncoding = 4; lastKnownFileType = file.storyboard; path = ProductPage.storyboard; sourceTree = "<group>"; };
		E6A1A2252D118807000D8B47 /* ProductTableView.swift */ = {isa = PBXFileReference; fileEncoding = 4; lastKnownFileType = sourcecode.swift; path = ProductTableView.swift; sourceTree = "<group>"; };
/* End PBXFileReference section */

/* Begin PBXFrameworksBuildPhase section */
		D4C8E43E2D00799C00B254E2 /* Frameworks */ = {
			isa = PBXFrameworksBuildPhase;
			buildActionMask = 2147483647;
			files = (
			);
			runOnlyForDeploymentPostprocessing = 0;
		};
		D4C8E4542D00799F00B254E2 /* Frameworks */ = {
			isa = PBXFrameworksBuildPhase;
			buildActionMask = 2147483647;
			files = (
			);
			runOnlyForDeploymentPostprocessing = 0;
		};
		D4C8E45E2D00799F00B254E2 /* Frameworks */ = {
			isa = PBXFrameworksBuildPhase;
			buildActionMask = 2147483647;
			files = (
			);
			runOnlyForDeploymentPostprocessing = 0;
		};
/* End PBXFrameworksBuildPhase section */

/* Begin PBXGroup section */
		D4C8E4382D00799C00B254E2 = {
			isa = PBXGroup;
			children = (
				D4C8E4432D00799C00B254E2 /* Lavender */,
				D4C8E45A2D00799F00B254E2 /* LavenderTests */,
				D4C8E4642D00799F00B254E2 /* LavenderUITests */,
				D4C8E4422D00799C00B254E2 /* Products */,
			);
			sourceTree = "<group>";
		};
		D4C8E4422D00799C00B254E2 /* Products */ = {
			isa = PBXGroup;
			children = (
				D4C8E4412D00799C00B254E2 /* Lavender.app */,
				D4C8E4572D00799F00B254E2 /* LavenderTests.xctest */,
				D4C8E4612D00799F00B254E2 /* LavenderUITests.xctest */,
			);
			name = Products;
			sourceTree = "<group>";
		};
		D4C8E4432D00799C00B254E2 /* Lavender */ = {
			isa = PBXGroup;
			children = (
				D4C8E4442D00799C00B254E2 /* AppDelegate.swift */,
				D4C8E4462D00799C00B254E2 /* SceneDelegate.swift */,
				D4C8E4482D00799C00B254E2 /* ViewController.swift */,
				3FA291932D070A5C00644F16 /* StorePage.storyboard */,
				CCE2FF682D157B0F00A4698E /* Cart.storyboard */,
				D492F7572D09B18100D5AF44 /* HomeViewController.swift */,
				D492F7552D09AD5700D5AF44 /* HomeTableViewCell.swift */,
				E6A1A2252D118807000D8B47 /* ProductTableView.swift */,
				E6A1A21F2D1187D9000D8B47 /* Product.swift */,
				E6A1A2212D1187F4000D8B47 /* ProductPage.storyboard */,
				D4C8E44A2D00799C00B254E2 /* Main.storyboard */,
				D4C8E44D2D00799E00B254E2 /* Assets.xcassets */,
				D4C8E44F2D00799E00B254E2 /* LaunchScreen.storyboard */,
				D4C8E4522D00799E00B254E2 /* Info.plist */,
			);
			path = Lavender;
			sourceTree = "<group>";
		};
		D4C8E45A2D00799F00B254E2 /* LavenderTests */ = {
			isa = PBXGroup;
			children = (
				D4C8E45B2D00799F00B254E2 /* LavenderTests.swift */,
			);
			path = LavenderTests;
			sourceTree = "<group>";
		};
		D4C8E4642D00799F00B254E2 /* LavenderUITests */ = {
			isa = PBXGroup;
			children = (
				D4C8E4652D00799F00B254E2 /* LavenderUITests.swift */,
				D4C8E4672D00799F00B254E2 /* LavenderUITestsLaunchTests.swift */,
			);
			path = LavenderUITests;
			sourceTree = "<group>";
		};
/* End PBXGroup section */

/* Begin PBXNativeTarget section */
		D4C8E4402D00799C00B254E2 /* Lavender */ = {
			isa = PBXNativeTarget;
			buildConfigurationList = D4C8E46B2D00799F00B254E2 /* Build configuration list for PBXNativeTarget "Lavender" */;
			buildPhases = (
				D4C8E43D2D00799C00B254E2 /* Sources */,
				D4C8E43E2D00799C00B254E2 /* Frameworks */,
				D4C8E43F2D00799C00B254E2 /* Resources */,
			);
			buildRules = (
			);
			dependencies = (
			);
			name = Lavender;
			productName = Lavender;
			productReference = D4C8E4412D00799C00B254E2 /* Lavender.app */;
			productType = "com.apple.product-type.application";
		};
		D4C8E4562D00799F00B254E2 /* LavenderTests */ = {
			isa = PBXNativeTarget;
			buildConfigurationList = D4C8E46E2D00799F00B254E2 /* Build configuration list for PBXNativeTarget "LavenderTests" */;
			buildPhases = (
				D4C8E4532D00799F00B254E2 /* Sources */,
				D4C8E4542D00799F00B254E2 /* Frameworks */,
				D4C8E4552D00799F00B254E2 /* Resources */,
			);
			buildRules = (
			);
			dependencies = (
				D4C8E4592D00799F00B254E2 /* PBXTargetDependency */,
			);
			name = LavenderTests;
			productName = LavenderTests;
			productReference = D4C8E4572D00799F00B254E2 /* LavenderTests.xctest */;
			productType = "com.apple.product-type.bundle.unit-test";
		};
		D4C8E4602D00799F00B254E2 /* LavenderUITests */ = {
			isa = PBXNativeTarget;
			buildConfigurationList = D4C8E4712D00799F00B254E2 /* Build configuration list for PBXNativeTarget "LavenderUITests" */;
			buildPhases = (
				D4C8E45D2D00799F00B254E2 /* Sources */,
				D4C8E45E2D00799F00B254E2 /* Frameworks */,
				D4C8E45F2D00799F00B254E2 /* Resources */,
			);
			buildRules = (
			);
			dependencies = (
				D4C8E4632D00799F00B254E2 /* PBXTargetDependency */,
			);
			name = LavenderUITests;
			productName = LavenderUITests;
			productReference = D4C8E4612D00799F00B254E2 /* LavenderUITests.xctest */;
			productType = "com.apple.product-type.bundle.ui-testing";
		};
/* End PBXNativeTarget section */

/* Begin PBXProject section */
		D4C8E4392D00799C00B254E2 /* Project object */ = {
			isa = PBXProject;
			attributes = {
				BuildIndependentTargetsInParallel = 1;
				LastSwiftUpdateCheck = 1520;
				LastUpgradeCheck = 1520;
				TargetAttributes = {
					D4C8E4402D00799C00B254E2 = {
						CreatedOnToolsVersion = 15.2;
					};
					D4C8E4562D00799F00B254E2 = {
						CreatedOnToolsVersion = 15.2;
						TestTargetID = D4C8E4402D00799C00B254E2;
					};
					D4C8E4602D00799F00B254E2 = {
						CreatedOnToolsVersion = 15.2;
						TestTargetID = D4C8E4402D00799C00B254E2;
					};
				};
			};
			buildConfigurationList = D4C8E43C2D00799C00B254E2 /* Build configuration list for PBXProject "Lavender" */;
			compatibilityVersion = "Xcode 14.0";
			developmentRegion = en;
			hasScannedForEncodings = 0;
			knownRegions = (
				en,
				Base,
			);
			mainGroup = D4C8E4382D00799C00B254E2;
			productRefGroup = D4C8E4422D00799C00B254E2 /* Products */;
			projectDirPath = "";
			projectRoot = "";
			targets = (
				D4C8E4402D00799C00B254E2 /* Lavender */,
				D4C8E4562D00799F00B254E2 /* LavenderTests */,
				D4C8E4602D00799F00B254E2 /* LavenderUITests */,
			);
		};
/* End PBXProject section */

/* Begin PBXResourcesBuildPhase section */
		D4C8E43F2D00799C00B254E2 /* Resources */ = {
			isa = PBXResourcesBuildPhase;
			buildActionMask = 2147483647;
			files = (
				D4C8E4512D00799E00B254E2 /* LaunchScreen.storyboard in Resources */,
				E6A1A2222D1187F4000D8B47 /* ProductPage.storyboard in Resources */,
				3FA291942D070A5C00644F16 /* StorePage.storyboard in Resources */,
				D4C8E44E2D00799E00B254E2 /* Assets.xcassets in Resources */,
				CCE2FF692D157B0F00A4698E /* Cart.storyboard in Resources */,
				D4C8E44C2D00799C00B254E2 /* Main.storyboard in Resources */,
			);
			runOnlyForDeploymentPostprocessing = 0;
		};
		D4C8E4552D00799F00B254E2 /* Resources */ = {
			isa = PBXResourcesBuildPhase;
			buildActionMask = 2147483647;
			files = (
			);
			runOnlyForDeploymentPostprocessing = 0;
		};
		D4C8E45F2D00799F00B254E2 /* Resources */ = {
			isa = PBXResourcesBuildPhase;
			buildActionMask = 2147483647;
			files = (
			);
			runOnlyForDeploymentPostprocessing = 0;
		};
/* End PBXResourcesBuildPhase section */

/* Begin PBXSourcesBuildPhase section */
		D4C8E43D2D00799C00B254E2 /* Sources */ = {
			isa = PBXSourcesBuildPhase;
			buildActionMask = 2147483647;
			files = (
				D492F7582D09B18100D5AF44 /* HomeViewController.swift in Sources */,
				D4C8E4492D00799C00B254E2 /* ViewController.swift in Sources */,
				E6A1A2262D118807000D8B47 /* ProductTableView.swift in Sources */,
				D4C8E4452D00799C00B254E2 /* AppDelegate.swift in Sources */,
				D492F7562D09AD5700D5AF44 /* HomeTableViewCell.swift in Sources */,
				D4C8E4472D00799C00B254E2 /* SceneDelegate.swift in Sources */,
				E6A1A2202D1187D9000D8B47 /* Product.swift in Sources */,
			);
			runOnlyForDeploymentPostprocessing = 0;
		};
		D4C8E4532D00799F00B254E2 /* Sources */ = {
			isa = PBXSourcesBuildPhase;
			buildActionMask = 2147483647;
			files = (
				D4C8E45C2D00799F00B254E2 /* LavenderTests.swift in Sources */,
			);
			runOnlyForDeploymentPostprocessing = 0;
		};
		D4C8E45D2D00799F00B254E2 /* Sources */ = {
			isa = PBXSourcesBuildPhase;
			buildActionMask = 2147483647;
			files = (
				D4C8E4682D00799F00B254E2 /* LavenderUITestsLaunchTests.swift in Sources */,
				D4C8E4662D00799F00B254E2 /* LavenderUITests.swift in Sources */,
			);
			runOnlyForDeploymentPostprocessing = 0;
		};
/* End PBXSourcesBuildPhase section */

/* Begin PBXTargetDependency section */
		D4C8E4592D00799F00B254E2 /* PBXTargetDependency */ = {
			isa = PBXTargetDependency;
			target = D4C8E4402D00799C00B254E2 /* Lavender */;
			targetProxy = D4C8E4582D00799F00B254E2 /* PBXContainerItemProxy */;
		};
		D4C8E4632D00799F00B254E2 /* PBXTargetDependency */ = {
			isa = PBXTargetDependency;
			target = D4C8E4402D00799C00B254E2 /* Lavender */;
			targetProxy = D4C8E4622D00799F00B254E2 /* PBXContainerItemProxy */;
		};
/* End PBXTargetDependency section */

/* Begin PBXVariantGroup section */
		D4C8E44A2D00799C00B254E2 /* Main.storyboard */ = {
			isa = PBXVariantGroup;
			children = (
				D4C8E44B2D00799C00B254E2 /* Base */,
			);
			name = Main.storyboard;
			sourceTree = "<group>";
		};
		D4C8E44F2D00799E00B254E2 /* LaunchScreen.storyboard */ = {
			isa = PBXVariantGroup;
			children = (
				D4C8E4502D00799E00B254E2 /* Base */,
			);
			name = LaunchScreen.storyboard;
			sourceTree = "<group>";
		};
/* End PBXVariantGroup section */

/* Begin XCBuildConfiguration section */
		D4C8E4692D00799F00B254E2 /* Debug */ = {
			isa = XCBuildConfiguration;
			buildSettings = {
				ALWAYS_SEARCH_USER_PATHS = NO;
				ASSETCATALOG_COMPILER_GENERATE_SWIFT_ASSET_SYMBOL_EXTENSIONS = YES;
				CLANG_ANALYZER_NONNULL = YES;
				CLANG_ANALYZER_NUMBER_OBJECT_CONVERSION = YES_AGGRESSIVE;
				CLANG_CXX_LANGUAGE_STANDARD = "gnu++20";
				CLANG_ENABLE_MODULES = YES;
				CLANG_ENABLE_OBJC_ARC = YES;
				CLANG_ENABLE_OBJC_WEAK = YES;
				CLANG_WARN_BLOCK_CAPTURE_AUTORELEASING = YES;
				CLANG_WARN_BOOL_CONVERSION = YES;
				CLANG_WARN_COMMA = YES;
				CLANG_WARN_CONSTANT_CONVERSION = YES;
				CLANG_WARN_DEPRECATED_OBJC_IMPLEMENTATIONS = YES;
				CLANG_WARN_DIRECT_OBJC_ISA_USAGE = YES_ERROR;
				CLANG_WARN_DOCUMENTATION_COMMENTS = YES;
				CLANG_WARN_EMPTY_BODY = YES;
				CLANG_WARN_ENUM_CONVERSION = YES;
				CLANG_WARN_INFINITE_RECURSION = YES;
				CLANG_WARN_INT_CONVERSION = YES;
				CLANG_WARN_NON_LITERAL_NULL_CONVERSION = YES;
				CLANG_WARN_OBJC_IMPLICIT_RETAIN_SELF = YES;
				CLANG_WARN_OBJC_LITERAL_CONVERSION = YES;
				CLANG_WARN_OBJC_ROOT_CLASS = YES_ERROR;
				CLANG_WARN_QUOTED_INCLUDE_IN_FRAMEWORK_HEADER = YES;
				CLANG_WARN_RANGE_LOOP_ANALYSIS = YES;
				CLANG_WARN_STRICT_PROTOTYPES = YES;
				CLANG_WARN_SUSPICIOUS_MOVE = YES;
				CLANG_WARN_UNGUARDED_AVAILABILITY = YES_AGGRESSIVE;
				CLANG_WARN_UNREACHABLE_CODE = YES;
				CLANG_WARN__DUPLICATE_METHOD_MATCH = YES;
				COPY_PHASE_STRIP = NO;
				DEBUG_INFORMATION_FORMAT = dwarf;
				ENABLE_STRICT_OBJC_MSGSEND = YES;
				ENABLE_TESTABILITY = YES;
				ENABLE_USER_SCRIPT_SANDBOXING = YES;
				GCC_C_LANGUAGE_STANDARD = gnu17;
				GCC_DYNAMIC_NO_PIC = NO;
				GCC_NO_COMMON_BLOCKS = YES;
				GCC_OPTIMIZATION_LEVEL = 0;
				GCC_PREPROCESSOR_DEFINITIONS = (
					"DEBUG=1",
					"$(inherited)",
				);
				GCC_WARN_64_TO_32_BIT_CONVERSION = YES;
				GCC_WARN_ABOUT_RETURN_TYPE = YES_ERROR;
				GCC_WARN_UNDECLARED_SELECTOR = YES;
				GCC_WARN_UNINITIALIZED_AUTOS = YES_AGGRESSIVE;
				GCC_WARN_UNUSED_FUNCTION = YES;
				GCC_WARN_UNUSED_VARIABLE = YES;
				IPHONEOS_DEPLOYMENT_TARGET = 17.2;
				LOCALIZATION_PREFERS_STRING_CATALOGS = YES;
				MTL_ENABLE_DEBUG_INFO = INCLUDE_SOURCE;
				MTL_FAST_MATH = YES;
				ONLY_ACTIVE_ARCH = YES;
				SDKROOT = iphoneos;
				SWIFT_ACTIVE_COMPILATION_CONDITIONS = "DEBUG $(inherited)";
				SWIFT_OPTIMIZATION_LEVEL = "-Onone";
			};
			name = Debug;
		};
		D4C8E46A2D00799F00B254E2 /* Release */ = {
			isa = XCBuildConfiguration;
			buildSettings = {
				ALWAYS_SEARCH_USER_PATHS = NO;
				ASSETCATALOG_COMPILER_GENERATE_SWIFT_ASSET_SYMBOL_EXTENSIONS = YES;
				CLANG_ANALYZER_NONNULL = YES;
				CLANG_ANALYZER_NUMBER_OBJECT_CONVERSION = YES_AGGRESSIVE;
				CLANG_CXX_LANGUAGE_STANDARD = "gnu++20";
				CLANG_ENABLE_MODULES = YES;
				CLANG_ENABLE_OBJC_ARC = YES;
				CLANG_ENABLE_OBJC_WEAK = YES;
				CLANG_WARN_BLOCK_CAPTURE_AUTORELEASING = YES;
				CLANG_WARN_BOOL_CONVERSION = YES;
				CLANG_WARN_COMMA = YES;
				CLANG_WARN_CONSTANT_CONVERSION = YES;
				CLANG_WARN_DEPRECATED_OBJC_IMPLEMENTATIONS = YES;
				CLANG_WARN_DIRECT_OBJC_ISA_USAGE = YES_ERROR;
				CLANG_WARN_DOCUMENTATION_COMMENTS = YES;
				CLANG_WARN_EMPTY_BODY = YES;
				CLANG_WARN_ENUM_CONVERSION = YES;
				CLANG_WARN_INFINITE_RECURSION = YES;
				CLANG_WARN_INT_CONVERSION = YES;
				CLANG_WARN_NON_LITERAL_NULL_CONVERSION = YES;
				CLANG_WARN_OBJC_IMPLICIT_RETAIN_SELF = YES;
				CLANG_WARN_OBJC_LITERAL_CONVERSION = YES;
				CLANG_WARN_OBJC_ROOT_CLASS = YES_ERROR;
				CLANG_WARN_QUOTED_INCLUDE_IN_FRAMEWORK_HEADER = YES;
				CLANG_WARN_RANGE_LOOP_ANALYSIS = YES;
				CLANG_WARN_STRICT_PROTOTYPES = YES;
				CLANG_WARN_SUSPICIOUS_MOVE = YES;
				CLANG_WARN_UNGUARDED_AVAILABILITY = YES_AGGRESSIVE;
				CLANG_WARN_UNREACHABLE_CODE = YES;
				CLANG_WARN__DUPLICATE_METHOD_MATCH = YES;
				COPY_PHASE_STRIP = NO;
				DEBUG_INFORMATION_FORMAT = "dwarf-with-dsym";
				ENABLE_NS_ASSERTIONS = NO;
				ENABLE_STRICT_OBJC_MSGSEND = YES;
				ENABLE_USER_SCRIPT_SANDBOXING = YES;
				GCC_C_LANGUAGE_STANDARD = gnu17;
				GCC_NO_COMMON_BLOCKS = YES;
				GCC_WARN_64_TO_32_BIT_CONVERSION = YES;
				GCC_WARN_ABOUT_RETURN_TYPE = YES_ERROR;
				GCC_WARN_UNDECLARED_SELECTOR = YES;
				GCC_WARN_UNINITIALIZED_AUTOS = YES_AGGRESSIVE;
				GCC_WARN_UNUSED_FUNCTION = YES;
				GCC_WARN_UNUSED_VARIABLE = YES;
				IPHONEOS_DEPLOYMENT_TARGET = 17.2;
				LOCALIZATION_PREFERS_STRING_CATALOGS = YES;
				MTL_ENABLE_DEBUG_INFO = NO;
				MTL_FAST_MATH = YES;
				SDKROOT = iphoneos;
				SWIFT_COMPILATION_MODE = wholemodule;
				VALIDATE_PRODUCT = YES;
			};
			name = Release;
		};
		D4C8E46C2D00799F00B254E2 /* Debug */ = {
			isa = XCBuildConfiguration;
			buildSettings = {
				ASSETCATALOG_COMPILER_APPICON_NAME = AppIcon;
				ASSETCATALOG_COMPILER_GLOBAL_ACCENT_COLOR_NAME = AccentColor;
				CODE_SIGN_STYLE = Automatic;
				CURRENT_PROJECT_VERSION = 1;
				GENERATE_INFOPLIST_FILE = YES;
				INFOPLIST_FILE = Lavender/Info.plist;
				INFOPLIST_KEY_UIApplicationSupportsIndirectInputEvents = YES;
				INFOPLIST_KEY_UILaunchStoryboardName = LaunchScreen;
				INFOPLIST_KEY_UIMainStoryboardFile = Main;
				INFOPLIST_KEY_UISupportedInterfaceOrientations_iPad = "UIInterfaceOrientationPortrait UIInterfaceOrientationPortraitUpsideDown UIInterfaceOrientationLandscapeLeft UIInterfaceOrientationLandscapeRight";
				INFOPLIST_KEY_UISupportedInterfaceOrientations_iPhone = "UIInterfaceOrientationPortrait UIInterfaceOrientationLandscapeLeft UIInterfaceOrientationLandscapeRight";
				LD_RUNPATH_SEARCH_PATHS = (
					"$(inherited)",
					"@executable_path/Frameworks",
				);
				MARKETING_VERSION = 1.0;
				PRODUCT_BUNDLE_IDENTIFIER = bp.polytechnic.Lavender;
				PRODUCT_NAME = "$(TARGET_NAME)";
				SWIFT_EMIT_LOC_STRINGS = YES;
				SWIFT_VERSION = 5.0;
				TARGETED_DEVICE_FAMILY = "1,2";
			};
			name = Debug;
		};
		D4C8E46D2D00799F00B254E2 /* Release */ = {
			isa = XCBuildConfiguration;
			buildSettings = {
				ASSETCATALOG_COMPILER_APPICON_NAME = AppIcon;
				ASSETCATALOG_COMPILER_GLOBAL_ACCENT_COLOR_NAME = AccentColor;
				CODE_SIGN_STYLE = Automatic;
				CURRENT_PROJECT_VERSION = 1;
				GENERATE_INFOPLIST_FILE = YES;
				INFOPLIST_FILE = Lavender/Info.plist;
				INFOPLIST_KEY_UIApplicationSupportsIndirectInputEvents = YES;
				INFOPLIST_KEY_UILaunchStoryboardName = LaunchScreen;
				INFOPLIST_KEY_UIMainStoryboardFile = Main;
				INFOPLIST_KEY_UISupportedInterfaceOrientations_iPad = "UIInterfaceOrientationPortrait UIInterfaceOrientationPortraitUpsideDown UIInterfaceOrientationLandscapeLeft UIInterfaceOrientationLandscapeRight";
				INFOPLIST_KEY_UISupportedInterfaceOrientations_iPhone = "UIInterfaceOrientationPortrait UIInterfaceOrientationLandscapeLeft UIInterfaceOrientationLandscapeRight";
				LD_RUNPATH_SEARCH_PATHS = (
					"$(inherited)",
					"@executable_path/Frameworks",
				);
				MARKETING_VERSION = 1.0;
				PRODUCT_BUNDLE_IDENTIFIER = bp.polytechnic.Lavender;
				PRODUCT_NAME = "$(TARGET_NAME)";
				SWIFT_EMIT_LOC_STRINGS = YES;
				SWIFT_VERSION = 5.0;
				TARGETED_DEVICE_FAMILY = "1,2";
			};
			name = Release;
		};
		D4C8E46F2D00799F00B254E2 /* Debug */ = {
			isa = XCBuildConfiguration;
			buildSettings = {
				ALWAYS_EMBED_SWIFT_STANDARD_LIBRARIES = YES;
				BUNDLE_LOADER = "$(TEST_HOST)";
				CODE_SIGN_STYLE = Automatic;
				CURRENT_PROJECT_VERSION = 1;
				GENERATE_INFOPLIST_FILE = YES;
				IPHONEOS_DEPLOYMENT_TARGET = 17.2;
				MARKETING_VERSION = 1.0;
				PRODUCT_BUNDLE_IDENTIFIER = bp.polytechnic.LavenderTests;
				PRODUCT_NAME = "$(TARGET_NAME)";
				SWIFT_EMIT_LOC_STRINGS = NO;
				SWIFT_VERSION = 5.0;
				TARGETED_DEVICE_FAMILY = "1,2";
				TEST_HOST = "$(BUILT_PRODUCTS_DIR)/Lavender.app/$(BUNDLE_EXECUTABLE_FOLDER_PATH)/Lavender";
			};
			name = Debug;
		};
		D4C8E4702D00799F00B254E2 /* Release */ = {
			isa = XCBuildConfiguration;
			buildSettings = {
				ALWAYS_EMBED_SWIFT_STANDARD_LIBRARIES = YES;
				BUNDLE_LOADER = "$(TEST_HOST)";
				CODE_SIGN_STYLE = Automatic;
				CURRENT_PROJECT_VERSION = 1;
				GENERATE_INFOPLIST_FILE = YES;
				IPHONEOS_DEPLOYMENT_TARGET = 17.2;
				MARKETING_VERSION = 1.0;
				PRODUCT_BUNDLE_IDENTIFIER = bp.polytechnic.LavenderTests;
				PRODUCT_NAME = "$(TARGET_NAME)";
				SWIFT_EMIT_LOC_STRINGS = NO;
				SWIFT_VERSION = 5.0;
				TARGETED_DEVICE_FAMILY = "1,2";
				TEST_HOST = "$(BUILT_PRODUCTS_DIR)/Lavender.app/$(BUNDLE_EXECUTABLE_FOLDER_PATH)/Lavender";
			};
			name = Release;
		};
		D4C8E4722D00799F00B254E2 /* Debug */ = {
			isa = XCBuildConfiguration;
			buildSettings = {
				ALWAYS_EMBED_SWIFT_STANDARD_LIBRARIES = YES;
				CODE_SIGN_STYLE = Automatic;
				CURRENT_PROJECT_VERSION = 1;
				GENERATE_INFOPLIST_FILE = YES;
				MARKETING_VERSION = 1.0;
				PRODUCT_BUNDLE_IDENTIFIER = bp.polytechnic.LavenderUITests;
				PRODUCT_NAME = "$(TARGET_NAME)";
				SWIFT_EMIT_LOC_STRINGS = NO;
				SWIFT_VERSION = 5.0;
				TARGETED_DEVICE_FAMILY = "1,2";
				TEST_TARGET_NAME = Lavender;
			};
			name = Debug;
		};
		D4C8E4732D00799F00B254E2 /* Release */ = {
			isa = XCBuildConfiguration;
			buildSettings = {
				ALWAYS_EMBED_SWIFT_STANDARD_LIBRARIES = YES;
				CODE_SIGN_STYLE = Automatic;
				CURRENT_PROJECT_VERSION = 1;
				GENERATE_INFOPLIST_FILE = YES;
				MARKETING_VERSION = 1.0;
				PRODUCT_BUNDLE_IDENTIFIER = bp.polytechnic.LavenderUITests;
				PRODUCT_NAME = "$(TARGET_NAME)";
				SWIFT_EMIT_LOC_STRINGS = NO;
				SWIFT_VERSION = 5.0;
				TARGETED_DEVICE_FAMILY = "1,2";
				TEST_TARGET_NAME = Lavender;
			};
			name = Release;
		};
/* End XCBuildConfiguration section */

/* Begin XCConfigurationList section */
		D4C8E43C2D00799C00B254E2 /* Build configuration list for PBXProject "Lavender" */ = {
			isa = XCConfigurationList;
			buildConfigurations = (
				D4C8E4692D00799F00B254E2 /* Debug */,
				D4C8E46A2D00799F00B254E2 /* Release */,
			);
			defaultConfigurationIsVisible = 0;
			defaultConfigurationName = Release;
		};
		D4C8E46B2D00799F00B254E2 /* Build configuration list for PBXNativeTarget "Lavender" */ = {
			isa = XCConfigurationList;
			buildConfigurations = (
				D4C8E46C2D00799F00B254E2 /* Debug */,
				D4C8E46D2D00799F00B254E2 /* Release */,
			);
			defaultConfigurationIsVisible = 0;
			defaultConfigurationName = Release;
		};
		D4C8E46E2D00799F00B254E2 /* Build configuration list for PBXNativeTarget "LavenderTests" */ = {
			isa = XCConfigurationList;
			buildConfigurations = (
				D4C8E46F2D00799F00B254E2 /* Debug */,
				D4C8E4702D00799F00B254E2 /* Release */,
			);
			defaultConfigurationIsVisible = 0;
			defaultConfigurationName = Release;
		};
		D4C8E4712D00799F00B254E2 /* Build configuration list for PBXNativeTarget "LavenderUITests" */ = {
			isa = XCConfigurationList;
			buildConfigurations = (
				D4C8E4722D00799F00B254E2 /* Debug */,
				D4C8E4732D00799F00B254E2 /* Release */,
			);
			defaultConfigurationIsVisible = 0;
			defaultConfigurationName = Release;
		};
/* End XCConfigurationList section */
	};
	rootObject = D4C8E4392D00799C00B254E2 /* Project object */;
}
